<Solution>
  <Project Path="Kybernetik.Animancer.csproj" />
  <Project Path="Assembly-CSharp.csproj" />
  <Project Path="Kybernetik.Animancer.Editor.csproj" />
  <Project Path="DOTween.Modules.csproj" />
  <Project Path="Kybernetik.Animancer.FSM.csproj" />
  <Project Path="Assembly-CSharp-Editor.csproj" />
</Solution>
